// !$*UTF8*$!
{
	archiveVersion = 1;
	classes = {
	};
	objectVersion = 47;
	objects = {

/* Begin PBXBuildFile section */
		6C16F3311C18EB9100DC2E4E /* NSDate+EKVDateTools.m in Sources */ = {isa = PBXBuildFile; fileRef = 6C16F3301C18EB9100DC2E4E /* NSDate+EKVDateTools.m */; };
		6C5717E61C1790B200DA2C6F /* EKVFoodProduct.m in Sources */ = {isa = PBXBuildFile; fileRef = 6C5717E51C1790B200DA2C6F /* EKVFoodProduct.m */; };
		6C5717E91C1790E500DA2C6F /* EKVGoods.m in Sources */ = {isa = PBXBuildFile; fileRef = 6C5717E81C1790E500DA2C6F /* EKVGoods.m */; };
		6C5717EC1C17912400DA2C6F /* EKVBuildingProduct.m in Sources */ = {isa = PBXBuildFile; fileRef = 6C5717EB1C17912400DA2C6F /* EKVBuildingProduct.m */; };
		6C5717EF1C17925600DA2C6F /* EKVHouseholdProduct.m in Sources */ = {isa = PBXBuildFile; fileRef = 6C5717EE1C17925600DA2C6F /* EKVHouseholdProduct.m */; };
		6CB483E11C17852F00244C6E /* main.m in Sources */ = {isa = PBXBuildFile; fileRef = 6CB483E01C17852F00244C6E /* main.m */; };
		6CB483E41C17852F00244C6E /* AppDelegate.m in Sources */ = {isa = PBXBuildFile; fileRef = 6CB483E31C17852F00244C6E /* AppDelegate.m */; };
		6CB483E71C17852F00244C6E /* ViewController.m in Sources */ = {isa = PBXBuildFile; fileRef = 6CB483E61C17852F00244C6E /* ViewController.m */; };
		6CB483EA1C17852F00244C6E /* Main.storyboard in Resources */ = {isa = PBXBuildFile; fileRef = 6CB483E81C17852F00244C6E /* Main.storyboard */; };
		6CB483EC1C17852F00244C6E /* Assets.xcassets in Resources */ = {isa = PBXBuildFile; fileRef = 6CB483EB1C17852F00244C6E /* Assets.xcassets */; };
		6CB483EF1C17852F00244C6E /* LaunchScreen.storyboard in Resources */ = {isa = PBXBuildFile; fileRef = 6CB483ED1C17852F00244C6E /* LaunchScreen.storyboard */; };
/* End PBXBuildFile section */

/* Begin PBXFileReference section */
		6C16F32F1C18EB9100DC2E4E /* NSDate+EKVDateTools.h */ = {isa = PBXFileReference; fileEncoding = 4; lastKnownFileType = sourcecode.c.h; name = "NSDate+EKVDateTools.h"; path = "Shopping List/NSDate+EKVDateTools.h"; sourceTree = "<group>"; };
		6C16F3301C18EB9100DC2E4E /* NSDate+EKVDateTools.m */ = {isa = PBXFileReference; fileEncoding = 4; lastKnownFileType = sourcecode.c.objc; name = "NSDate+EKVDateTools.m"; path = "Shopping List/NSDate+EKVDateTools.m"; sourceTree = "<group>"; };
		6C5717E41C1790B200DA2C6F /* EKVFoodProduct.h */ = {isa = PBXFileReference; fileEncoding = 4; lastKnownFileType = sourcecode.c.h; name = EKVFoodProduct.h; path = "Shopping List/EKVFoodProduct.h"; sourceTree = "<group>"; };
		6C5717E51C1790B200DA2C6F /* EKVFoodProduct.m */ = {isa = PBXFileReference; fileEncoding = 4; lastKnownFileType = sourcecode.c.objc; name = EKVFoodProduct.m; path = "Shopping List/EKVFoodProduct.m"; sourceTree = "<group>"; };
		6C5717E71C1790E500DA2C6F /* EKVGoods.h */ = {isa = PBXFileReference; fileEncoding = 4; lastKnownFileType = sourcecode.c.h; name = EKVGoods.h; path = "Shopping List/EKVGoods.h"; sourceTree = "<group>"; };
		6C5717E81C1790E500DA2C6F /* EKVGoods.m */ = {isa = PBXFileReference; fileEncoding = 4; lastKnownFileType = sourcecode.c.objc; name = EKVGoods.m; path = "Shopping List/EKVGoods.m"; sourceTree = "<group>"; };
		6C5717EA1C17912400DA2C6F /* EKVBuildingProduct.h */ = {isa = PBXFileReference; fileEncoding = 4; lastKnownFileType = sourcecode.c.h; name = EKVBuildingProduct.h; path = "Shopping List/EKVBuildingProduct.h"; sourceTree = "<group>"; };
		6C5717EB1C17912400DA2C6F /* EKVBuildingProduct.m */ = {isa = PBXFileReference; fileEncoding = 4; lastKnownFileType = sourcecode.c.objc; name = EKVBuildingProduct.m; path = "Shopping List/EKVBuildingProduct.m"; sourceTree = "<group>"; };
		6C5717ED1C17925600DA2C6F /* EKVHouseholdProduct.h */ = {isa = PBXFileReference; fileEncoding = 4; lastKnownFileType = sourcecode.c.h; name = EKVHouseholdProduct.h; path = "Shopping List/EKVHouseholdProduct.h"; sourceTree = "<group>"; };
		6C5717EE1C17925600DA2C6F /* EKVHouseholdProduct.m */ = {isa = PBXFileReference; fileEncoding = 4; lastKnownFileType = sourcecode.c.objc; name = EKVHouseholdProduct.m; path = "Shopping List/EKVHouseholdProduct.m"; sourceTree = "<group>"; };
		6CB483DC1C17852F00244C6E /* Shopping List.app */ = {isa = PBXFileReference; explicitFileType = wrapper.application; includeInIndex = 0; path = "Shopping List.app"; sourceTree = BUILT_PRODUCTS_DIR; };
		6CB483E01C17852F00244C6E /* main.m */ = {isa = PBXFileReference; lastKnownFileType = sourcecode.c.objc; path = main.m; sourceTree = "<group>"; };
		6CB483E21C17852F00244C6E /* AppDelegate.h */ = {isa = PBXFileReference; lastKnownFileType = sourcecode.c.h; path = AppDelegate.h; sourceTree = "<group>"; };
		6CB483E31C17852F00244C6E /* AppDelegate.m */ = {isa = PBXFileReference; lastKnownFileType = sourcecode.c.objc; path = AppDelegate.m; sourceTree = "<group>"; };
		6CB483E51C17852F00244C6E /* ViewController.h */ = {isa = PBXFileReference; lastKnownFileType = sourcecode.c.h; path = ViewController.h; sourceTree = "<group>"; };
		6CB483E61C17852F00244C6E /* ViewController.m */ = {isa = PBXFileReference; lastKnownFileType = sourcecode.c.objc; path = ViewController.m; sourceTree = "<group>"; };
		6CB483E91C17852F00244C6E /* Base */ = {isa = PBXFileReference; lastKnownFileType = file.storyboard; name = Base; path = Base.lproj/Main.storyboard; sourceTree = "<group>"; };
		6CB483EB1C17852F00244C6E /* Assets.xcassets */ = {isa = PBXFileReference; lastKnownFileType = folder.assetcatalog; path = Assets.xcassets; sourceTree = "<group>"; };
		6CB483EE1C17852F00244C6E /* Base */ = {isa = PBXFileReference; lastKnownFileType = file.storyboard; name = Base; path = Base.lproj/LaunchScreen.storyboard; sourceTree = "<group>"; };
		6CB483F01C17852F00244C6E /* Info.plist */ = {isa = PBXFileReference; lastKnownFileType = text.plist.xml; path = Info.plist; sourceTree = "<group>"; };
/* End PBXFileReference section */

/* Begin PBXFrameworksBuildPhase section */
		6CB483D91C17852F00244C6E /* Frameworks */ = {
			isa = PBXFrameworksBuildPhase;
			buildActionMask = 2147483647;
			files = (
			);
			runOnlyForDeploymentPostprocessing = 0;
		};
/* End PBXFrameworksBuildPhase section */

/* Begin PBXGroup section */
		6CB483D31C17852F00244C6E = {
			isa = PBXGroup;
			children = (
				6C16F32F1C18EB9100DC2E4E /* NSDate+EKVDateTools.h */,
				6C16F3301C18EB9100DC2E4E /* NSDate+EKVDateTools.m */,
				6C5717E71C1790E500DA2C6F /* EKVGoods.h */,
				6C5717E81C1790E500DA2C6F /* EKVGoods.m */,
				6C5717E41C1790B200DA2C6F /* EKVFoodProduct.h */,
				6C5717E51C1790B200DA2C6F /* EKVFoodProduct.m */,
				6C5717EA1C17912400DA2C6F /* EKVBuildingProduct.h */,
				6C5717EB1C17912400DA2C6F /* EKVBuildingProduct.m */,
				6C5717ED1C17925600DA2C6F /* EKVHouseholdProduct.h */,
				6C5717EE1C17925600DA2C6F /* EKVHouseholdProduct.m */,
				6CB483DE1C17852F00244C6E /* Shopping List */,
				6CB483DD1C17852F00244C6E /* Products */,
			);
			sourceTree = "<group>";
		};
		6CB483DD1C17852F00244C6E /* Products */ = {
			isa = PBXGroup;
			children = (
				6CB483DC1C17852F00244C6E /* Shopping List.app */,
			);
			name = Products;
			sourceTree = "<group>";
		};
		6CB483DE1C17852F00244C6E /* Shopping List */ = {
			isa = PBXGroup;
			children = (
				6CB483E21C17852F00244C6E /* AppDelegate.h */,
				6CB483E31C17852F00244C6E /* AppDelegate.m */,
				6CB483E51C17852F00244C6E /* ViewController.h */,
				6CB483E61C17852F00244C6E /* ViewController.m */,
				6CB483E81C17852F00244C6E /* Main.storyboard */,
				6CB483EB1C17852F00244C6E /* Assets.xcassets */,
				6CB483ED1C17852F00244C6E /* LaunchScreen.storyboard */,
				6CB483F01C17852F00244C6E /* Info.plist */,
				6CB483DF1C17852F00244C6E /* Supporting Files */,
			);
			path = "Shopping List";
			sourceTree = "<group>";
		};
		6CB483DF1C17852F00244C6E /* Supporting Files */ = {
			isa = PBXGroup;
			children = (
				6CB483E01C17852F00244C6E /* main.m */,
			);
			name = "Supporting Files";
			sourceTree = "<group>";
		};
/* End PBXGroup section */

/* Begin PBXNativeTarget section */
		6CB483DB1C17852F00244C6E /* Shopping List */ = {
			isa = PBXNativeTarget;
			buildConfigurationList = 6CB483F31C17852F00244C6E /* Build configuration list for PBXNativeTarget "Shopping List" */;
			buildPhases = (
				6CB483D81C17852F00244C6E /* Sources */,
				6CB483D91C17852F00244C6E /* Frameworks */,
				6CB483DA1C17852F00244C6E /* Resources */,
			);
			buildRules = (
			);
			dependencies = (
			);
			name = "Shopping List";
			productName = "Shopping List";
			productReference = 6CB483DC1C17852F00244C6E /* Shopping List.app */;
			productType = "com.apple.product-type.application";
		};
/* End PBXNativeTarget section */

/* Begin PBXProject section */
		6CB483D41C17852F00244C6E /* Project object */ = {
			isa = PBXProject;
			attributes = {
				CLASSPREFIX = EKV;
				LastUpgradeCheck = 0710;
				ORGANIZATIONNAME = "Eduard Kolenov";
				TargetAttributes = {
					6CB483DB1C17852F00244C6E = {
						CreatedOnToolsVersion = 7.1.1;
					};
				};
			};
			buildConfigurationList = 6CB483D71C17852F00244C6E /* Build configuration list for PBXProject "Shopping List" */;
			compatibilityVersion = "Xcode 6.3";
			developmentRegion = English;
			hasScannedForEncodings = 0;
			knownRegions = (
				en,
				Base,
			);
			mainGroup = 6CB483D31C17852F00244C6E;
			productRefGroup = 6CB483DD1C17852F00244C6E /* Products */;
			projectDirPath = "";
			projectRoot = "";
			targets = (
				6CB483DB1C17852F00244C6E /* Shopping List */,
			);
		};
/* End PBXProject section */

/* Begin PBXResourcesBuildPhase section */
		6CB483DA1C17852F00244C6E /* Resources */ = {
			isa = PBXResourcesBuildPhase;
			buildActionMask = 2147483647;
			files = (
				6CB483EF1C17852F00244C6E /* LaunchScreen.storyboard in Resources */,
				6CB483EC1C17852F00244C6E /* Assets.xcassets in Resources */,
				6CB483EA1C17852F00244C6E /* Main.storyboard in Resources */,
			);
			runOnlyForDeploymentPostprocessing = 0;
		};
/* End PBXResourcesBuildPhase section */

/* Begin PBXSourcesBuildPhase section */
		6CB483D81C17852F00244C6E /* Sources */ = {
			isa = PBXSourcesBuildPhase;
			buildActionMask = 2147483647;
			files = (
				6C5717EF1C17925600DA2C6F /* EKVHouseholdProduct.m in Sources */,
				6C5717E61C1790B200DA2C6F /* EKVFoodProduct.m in Sources */,
				6CB483E71C17852F00244C6E /* ViewController.m in Sources */,
				6C5717EC1C17912400DA2C6F /* EKVBuildingProduct.m in Sources */,
				6CB483E41C17852F00244C6E /* AppDelegate.m in Sources */,
				6C5717E91C1790E500DA2C6F /* EKVGoods.m in Sources */,
				6CB483E11C17852F00244C6E /* main.m in Sources */,
				6C16F3311C18EB9100DC2E4E /* NSDate+EKVDateTools.m in Sources */,
			);
			runOnlyForDeploymentPostprocessing = 0;
		};
/* End PBXSourcesBuildPhase section */

/* Begin PBXVariantGroup section */
		6CB483E81C17852F00244C6E /* Main.storyboard */ = {
			isa = PBXVariantGroup;
			children = (
				6CB483E91C17852F00244C6E /* Base */,
			);
			name = Main.storyboard;
			sourceTree = "<group>";
		};
		6CB483ED1C17852F00244C6E /* LaunchScreen.storyboard */ = {
			isa = PBXVariantGroup;
			children = (
				6CB483EE1C17852F00244C6E /* Base */,
			);
			name = LaunchScreen.storyboard;
			sourceTree = "<group>";
		};
/* End PBXVariantGroup section */

/* Begin XCBuildConfiguration section */
		6CB483F11C17852F00244C6E /* Debug */ = {
			isa = XCBuildConfiguration;
			buildSettings = {
				ALWAYS_SEARCH_USER_PATHS = NO;
				CLANG_CXX_LANGUAGE_STANDARD = "gnu++0x";
				CLANG_CXX_LIBRARY = "libc++";
				CLANG_ENABLE_MODULES = YES;
				CLANG_ENABLE_OBJC_ARC = YES;
				CLANG_WARN_BOOL_CONVERSION = YES;
				CLANG_WARN_CONSTANT_CONVERSION = YES;
				CLANG_WARN_DIRECT_OBJC_ISA_USAGE = YES_ERROR;
				CLANG_WARN_EMPTY_BODY = YES;
				CLANG_WARN_ENUM_CONVERSION = YES;
				CLANG_WARN_INT_CONVERSION = YES;
				CLANG_WARN_OBJC_ROOT_CLASS = YES_ERROR;
				CLANG_WARN_UNREACHABLE_CODE = YES;
				CLANG_WARN__DUPLICATE_METHOD_MATCH = YES;
				"CODE_SIGN_IDENTITY[sdk=iphoneos*]" = "iPhone Developer";
				COPY_PHASE_STRIP = NO;
				DEBUG_INFORMATION_FORMAT = dwarf;
				ENABLE_STRICT_OBJC_MSGSEND = YES;
				ENABLE_TESTABILITY = YES;
				GCC_C_LANGUAGE_STANDARD = gnu99;
				GCC_DYNAMIC_NO_PIC = NO;
				GCC_NO_COMMON_BLOCKS = YES;
				GCC_OPTIMIZATION_LEVEL = 0;
				GCC_PREPROCESSOR_DEFINITIONS = (
					"DEBUG=1",
					"$(inherited)",
				);
				GCC_WARN_64_TO_32_BIT_CONVERSION = YES;
				GCC_WARN_ABOUT_RETURN_TYPE = YES_ERROR;
				GCC_WARN_UNDECLARED_SELECTOR = YES;
				GCC_WARN_UNINITIALIZED_AUTOS = YES_AGGRESSIVE;
				GCC_WARN_UNUSED_FUNCTION = YES;
				GCC_WARN_UNUSED_VARIABLE = YES;
				IPHONEOS_DEPLOYMENT_TARGET = 9.1;
				MTL_ENABLE_DEBUG_INFO = YES;
				ONLY_ACTIVE_ARCH = YES;
				SDKROOT = iphoneos;
				TARGETED_DEVICE_FAMILY = "1,2";
			};
			name = Debug;
		};
		6CB483F21C17852F00244C6E /* Release */ = {
			isa = XCBuildConfiguration;
			buildSettings = {
				ALWAYS_SEARCH_USER_PATHS = NO;
				CLANG_CXX_LANGUAGE_STANDARD = "gnu++0x";
				CLANG_CXX_LIBRARY = "libc++";
				CLANG_ENABLE_MODULES = YES;
				CLANG_ENABLE_OBJC_ARC = YES;
				CLANG_WARN_BOOL_CONVERSION = YES;
				CLANG_WARN_CONSTANT_CONVERSION = YES;
				CLANG_WARN_DIRECT_OBJC_ISA_USAGE = YES_ERROR;
				CLANG_WARN_EMPTY_BODY = YES;
				CLANG_WARN_ENUM_CONVERSION = YES;
				CLANG_WARN_INT_CONVERSION = YES;
				CLANG_WARN_OBJC_ROOT_CLASS = YES_ERROR;
				CLANG_WARN_UNREACHABLE_CODE = YES;
				CLANG_WARN__DUPLICATE_METHOD_MATCH = YES;
				"CODE_SIGN_IDENTITY[sdk=iphoneos*]" = "iPhone Developer";
				COPY_PHASE_STRIP = NO;
				DEBUG_INFORMATION_FORMAT = "dwarf-with-dsym";
				ENABLE_NS_ASSERTIONS = NO;
				ENABLE_STRICT_OBJC_MSGSEND = YES;
				GCC_C_LANGUAGE_STANDARD = gnu99;
				GCC_NO_COMMON_BLOCKS = YES;
				GCC_WARN_64_TO_32_BIT_CONVERSION = YES;
				GCC_WARN_ABOUT_RETURN_TYPE = YES_ERROR;
				GCC_WARN_UNDECLARED_SELECTOR = YES;
				GCC_WARN_UNINITIALIZED_AUTOS = YES_AGGRESSIVE;
				GCC_WARN_UNUSED_FUNCTION = YES;
				GCC_WARN_UNUSED_VARIABLE = YES;
				IPHONEOS_DEPLOYMENT_TARGET = 9.1;
				MTL_ENABLE_DEBUG_INFO = NO;
				SDKROOT = iphoneos;
				TARGETED_DEVICE_FAMILY = "1,2";
				VALIDATE_PRODUCT = YES;
			};
			name = Release;
		};
		6CB483F41C17852F00244C6E /* Debug */ = {
			isa = XCBuildConfiguration;
			buildSettings = {
				ASSETCATALOG_COMPILER_APPICON_NAME = AppIcon;
				INFOPLIST_FILE = "Shopping List/Info.plist";
				LD_RUNPATH_SEARCH_PATHS = "$(inherited) @executable_path/Frameworks";
				PRODUCT_BUNDLE_IDENTIFIER = "EKV.Shopping-List";
				PRODUCT_NAME = "$(TARGET_NAME)";
			};
			name = Debug;
		};
		6CB483F51C17852F00244C6E /* Release */ = {
			isa = XCBuildConfiguration;
			buildSettings = {
				ASSETCATALOG_COMPILER_APPICON_NAME = AppIcon;
				INFOPLIST_FILE = "Shopping List/Info.plist";
				LD_RUNPATH_SEARCH_PATHS = "$(inherited) @executable_path/Frameworks";
				PRODUCT_BUNDLE_IDENTIFIER = "EKV.Shopping-List";
				PRODUCT_NAME = "$(TARGET_NAME)";
			};
			name = Release;
		};
/* End XCBuildConfiguration section */

/* Begin XCConfigurationList section */
		6CB483D71C17852F00244C6E /* Build configuration list for PBXProject "Shopping List" */ = {
			isa = XCConfigurationList;
			buildConfigurations = (
				6CB483F11C17852F00244C6E /* Debug */,
				6CB483F21C17852F00244C6E /* Release */,
			);
			defaultConfigurationIsVisible = 0;
			defaultConfigurationName = Release;
		};
		6CB483F31C17852F00244C6E /* Build configuration list for PBXNativeTarget "Shopping List" */ = {
			isa = XCConfigurationList;
			buildConfigurations = (
				6CB483F41C17852F00244C6E /* Debug */,
				6CB483F51C17852F00244C6E /* Release */,
			);
			defaultConfigurationIsVisible = 0;
			defaultConfigurationName = Release;
		};
/* End XCConfigurationList section */
	};
	rootObject = 6CB483D41C17852F00244C6E /* Project object */;
}
